
Microsoft Visual Studio Solution File, Format Version 12.00
# Visual Studio Version 17
VisualStudioVersion = 17.6.33717.318
MinimumVisualStudioVersion = 10.0.40219.1
Project("{FAE04EC0-301F-11D3-BF4B-00C04F79EFBC}") = "PackageExpress.com", "PackageExpress.com\PackageExpress.com.csproj", "{92E96AFB-35FE-4F44-9417-7E2B67C633AF}"
EndProject
Global
	GlobalSection(SolutionConfigurationPlatforms) = preSolution
		Debug|Any CPU = Debug|Any CPU
		Release|Any CPU = Release|Any CPU
	EndGlobalSection
	GlobalSection(ProjectConfigurationPlatforms) = postSolution
		{92E96AFB-35FE-4F44-9417-7E2B67C633AF}.Debug|Any CPU.ActiveCfg = Debug|Any CPU
		{92E96AFB-35FE-4F44-9417-7E2B67C633AF}.Debug|Any CPU.Build.0 = Debug|Any CPU
		{92E96AFB-35FE-4F44-9417-7E2B67C633AF}.Release|Any CPU.ActiveCfg = Release|Any CPU
		{92E96AFB-35FE-4F44-9417-7E2B67C633AF}.Release|Any CPU.Build.0 = Release|Any CPU
	EndGlobalSection
	GlobalSection(SolutionProperties) = preSolution
		HideSolutionNode = FALSE
	EndGlobalSection
	GlobalSection(ExtensibilityGlobals) = postSolution
		SolutionGuid = {2A46A531-DB0A-47C9-B937-4B6F9EE66E9B}
	EndGlobalSection
EndGlobal
