
Microsoft Visual Studio Solution File, Format Version 12.00
# Visual Studio Version 17
VisualStudioVersion = 17.6.33815.320
MinimumVisualStudioVersion = 10.0.40219.1
Project("{FAE04EC0-301F-11D3-BF4B-00C04F79EFBC}") = "Polymorphism Assignment", "Polymorphism Assignment.csproj", "{CEC39D15-018A-4A7E-A1D7-A692DB7B6D0C}"
EndProject
Global
	GlobalSection(SolutionConfigurationPlatforms) = preSolution
		Debug|Any CPU = Debug|Any CPU
		Release|Any CPU = Release|Any CPU
	EndGlobalSection
	GlobalSection(ProjectConfigurationPlatforms) = postSolution
		{CEC39D15-018A-4A7E-A1D7-A692DB7B6D0C}.Debug|Any CPU.ActiveCfg = Debug|Any CPU
		{CEC39D15-018A-4A7E-A1D7-A692DB7B6D0C}.Debug|Any CPU.Build.0 = Debug|Any CPU
		{CEC39D15-018A-4A7E-A1D7-A692DB7B6D0C}.Release|Any CPU.ActiveCfg = Release|Any CPU
		{CEC39D15-018A-4A7E-A1D7-A692DB7B6D0C}.Release|Any CPU.Build.0 = Release|Any CPU
	EndGlobalSection
	GlobalSection(SolutionProperties) = preSolution
		HideSolutionNode = FALSE
	EndGlobalSection
	GlobalSection(ExtensibilityGlobals) = postSolution
		SolutionGuid = {277F95E2-D6DC-48DE-B530-14D1DAE46ABA}
	EndGlobalSection
EndGlobal
